
Microsoft Visual Studio Solution File, Format Version 12.00
# Visual Studio Version 17
VisualStudioVersion = 17.10.34928.147
MinimumVisualStudioVersion = 10.0.40219.1
Project("{FAE04EC0-301F-11D3-BF4B-00C04F79EFBC}") = "ServerSide", "ServerSide\ServerSide.csproj", "{44F80790-5AD4-4D3A-85CA-CDA90D315634}"
EndProject
Project("{FAE04EC0-301F-11D3-BF4B-00C04F79EFBC}") = "ClientSide", "ClientSide\ClientSide.csproj", "{844BE3A4-7785-4295-AAE8-9628A99B1917}"
EndProject
Project("{FAE04EC0-301F-11D3-BF4B-00C04F79EFBC}") = "Test", "Test\Test.csproj", "{1EF3EFB6-AFCB-4774-B8A2-0BC8F48F2D1D}"
EndProject
Global
	GlobalSection(SolutionConfigurationPlatforms) = preSolution
		Debug|Any CPU = Debug|Any CPU
		Release|Any CPU = Release|Any CPU
	EndGlobalSection
	GlobalSection(ProjectConfigurationPlatforms) = postSolution
		{44F80790-5AD4-4D3A-85CA-CDA90D315634}.Debug|Any CPU.ActiveCfg = Debug|Any CPU
		{44F80790-5AD4-4D3A-85CA-CDA90D315634}.Debug|Any CPU.Build.0 = Debug|Any CPU
		{44F80790-5AD4-4D3A-85CA-CDA90D315634}.Release|Any CPU.ActiveCfg = Release|Any CPU
		{44F80790-5AD4-4D3A-85CA-CDA90D315634}.Release|Any CPU.Build.0 = Release|Any CPU
		{844BE3A4-7785-4295-AAE8-9628A99B1917}.Debug|Any CPU.ActiveCfg = Debug|Any CPU
		{844BE3A4-7785-4295-AAE8-9628A99B1917}.Debug|Any CPU.Build.0 = Debug|Any CPU
		{844BE3A4-7785-4295-AAE8-9628A99B1917}.Release|Any CPU.ActiveCfg = Release|Any CPU
		{844BE3A4-7785-4295-AAE8-9628A99B1917}.Release|Any CPU.Build.0 = Release|Any CPU
		{1EF3EFB6-AFCB-4774-B8A2-0BC8F48F2D1D}.Debug|Any CPU.ActiveCfg = Debug|Any CPU
		{1EF3EFB6-AFCB-4774-B8A2-0BC8F48F2D1D}.Debug|Any CPU.Build.0 = Debug|Any CPU
		{1EF3EFB6-AFCB-4774-B8A2-0BC8F48F2D1D}.Release|Any CPU.ActiveCfg = Release|Any CPU
		{1EF3EFB6-AFCB-4774-B8A2-0BC8F48F2D1D}.Release|Any CPU.Build.0 = Release|Any CPU
	EndGlobalSection
	GlobalSection(SolutionProperties) = preSolution
		HideSolutionNode = FALSE
	EndGlobalSection
	GlobalSection(ExtensibilityGlobals) = postSolution
		SolutionGuid = {F64D5B2F-027F-45EE-BFE7-F3DD40FCBC83}
	EndGlobalSection
EndGlobal
